
Microsoft Visual Studio Solution File, Format Version 12.00
# Visual Studio Version 16
VisualStudioVersion = 16.0.28803.202
MinimumVisualStudioVersion = 10.0.40219.1
Project("{FAE04EC0-301F-11D3-BF4B-00C04F79EFBC}") = "FastBinance", "FastBinance\FastBinance.csproj", "{915B38C7-58D0-4092-9957-96F3ACB3E20A}"
EndProject
Global
	GlobalSection(SolutionConfigurationPlatforms) = preSolution
		Debug|Any CPU = Debug|Any CPU
		Release|Any CPU = Release|Any CPU
	EndGlobalSection
	GlobalSection(ProjectConfigurationPlatforms) = postSolution
		{915B38C7-58D0-4092-9957-96F3ACB3E20A}.Debug|Any CPU.ActiveCfg = Debug|Any CPU
		{915B38C7-58D0-4092-9957-96F3ACB3E20A}.Debug|Any CPU.Build.0 = Debug|Any CPU
		{915B38C7-58D0-4092-9957-96F3ACB3E20A}.Release|Any CPU.ActiveCfg = Release|Any CPU
		{915B38C7-58D0-4092-9957-96F3ACB3E20A}.Release|Any CPU.Build.0 = Release|Any CPU
	EndGlobalSection
	GlobalSection(SolutionProperties) = preSolution
		HideSolutionNode = FALSE
	EndGlobalSection
	GlobalSection(ExtensibilityGlobals) = postSolution
		SolutionGuid = {C622EA83-CE08-4290-A0DF-6A4E022934C5}
	EndGlobalSection
EndGlobal
